// !$*UTF8*$!
{
	archiveVersion = 1;
	classes = {
	};
	objectVersion = 50;
	objects = {

/* Begin PBXBuildFile section */
		3F76E0DC211DD6AA00F4E369 /* StampView.xib in Resources */ = {isa = PBXBuildFile; fileRef = 3F76E0DB211DD6AA00F4E369 /* StampView.xib */; };
		3F76E0DF211E187F00F4E369 /* PassportViewController.swift in Sources */ = {isa = PBXBuildFile; fileRef = 3F76E0DE211E187F00F4E369 /* PassportViewController.swift */; };
		3FEDA805211B286F008F3C1E /* AppDelegate.swift in Sources */ = {isa = PBXBuildFile; fileRef = 3FEDA804211B286F008F3C1E /* AppDelegate.swift */; };
		3FEDA807211B286F008F3C1E /* art.scnassets in Resources */ = {isa = PBXBuildFile; fileRef = 3FEDA806211B286F008F3C1E /* art.scnassets */; };
		3FEDA809211B286F008F3C1E /* ViewController.swift in Sources */ = {isa = PBXBuildFile; fileRef = 3FEDA808211B286F008F3C1E /* ViewController.swift */; };
		3FEDA80C211B286F008F3C1E /* Main.storyboard in Resources */ = {isa = PBXBuildFile; fileRef = 3FEDA80A211B286F008F3C1E /* Main.storyboard */; };
		3FEDA80E211B2871008F3C1E /* Assets.xcassets in Resources */ = {isa = PBXBuildFile; fileRef = 3FEDA80D211B2871008F3C1E /* Assets.xcassets */; };
		3FEDA811211B2871008F3C1E /* LaunchScreen.storyboard in Resources */ = {isa = PBXBuildFile; fileRef = 3FEDA80F211B2871008F3C1E /* LaunchScreen.storyboard */; };
		3FEDA819211B3086008F3C1E /* Passport.storyboard in Resources */ = {isa = PBXBuildFile; fileRef = 3FEDA818211B3086008F3C1E /* Passport.storyboard */; };
		3FEDA81E211C6D46008F3C1E /* StampView.swift in Sources */ = {isa = PBXBuildFile; fileRef = 3FEDA81D211C6D46008F3C1E /* StampView.swift */; };
/* End PBXBuildFile section */

/* Begin PBXFileReference section */
		3F76E0DB211DD6AA00F4E369 /* StampView.xib */ = {isa = PBXFileReference; lastKnownFileType = file.xib; path = StampView.xib; sourceTree = "<group>"; };
		3F76E0DE211E187F00F4E369 /* PassportViewController.swift */ = {isa = PBXFileReference; lastKnownFileType = sourcecode.swift; path = PassportViewController.swift; sourceTree = "<group>"; };
		3FEDA801211B286F008F3C1E /* Stamp.app */ = {isa = PBXFileReference; explicitFileType = wrapper.application; includeInIndex = 0; path = Stamp.app; sourceTree = BUILT_PRODUCTS_DIR; };
		3FEDA804211B286F008F3C1E /* AppDelegate.swift */ = {isa = PBXFileReference; lastKnownFileType = sourcecode.swift; path = AppDelegate.swift; sourceTree = "<group>"; };
		3FEDA806211B286F008F3C1E /* art.scnassets */ = {isa = PBXFileReference; lastKnownFileType = wrapper.scnassets; path = art.scnassets; sourceTree = "<group>"; };
		3FEDA808211B286F008F3C1E /* ViewController.swift */ = {isa = PBXFileReference; lastKnownFileType = sourcecode.swift; path = ViewController.swift; sourceTree = "<group>"; };
		3FEDA80B211B286F008F3C1E /* Base */ = {isa = PBXFileReference; lastKnownFileType = file.storyboard; name = Base; path = Base.lproj/Main.storyboard; sourceTree = "<group>"; };
		3FEDA80D211B2871008F3C1E /* Assets.xcassets */ = {isa = PBXFileReference; lastKnownFileType = folder.assetcatalog; path = Assets.xcassets; sourceTree = "<group>"; };
		3FEDA810211B2871008F3C1E /* Base */ = {isa = PBXFileReference; lastKnownFileType = file.storyboard; name = Base; path = Base.lproj/LaunchScreen.storyboard; sourceTree = "<group>"; };
		3FEDA812211B2871008F3C1E /* Info.plist */ = {isa = PBXFileReference; lastKnownFileType = text.plist.xml; path = Info.plist; sourceTree = "<group>"; };
		3FEDA818211B3086008F3C1E /* Passport.storyboard */ = {isa = PBXFileReference; lastKnownFileType = file.storyboard; path = Passport.storyboard; sourceTree = "<group>"; };
		3FEDA81D211C6D46008F3C1E /* StampView.swift */ = {isa = PBXFileReference; lastKnownFileType = sourcecode.swift; path = StampView.swift; sourceTree = "<group>"; };
/* End PBXFileReference section */

/* Begin PBXFrameworksBuildPhase section */
		3FEDA7FE211B286F008F3C1E /* Frameworks */ = {
			isa = PBXFrameworksBuildPhase;
			buildActionMask = 2147483647;
			files = (
			);
			runOnlyForDeploymentPostprocessing = 0;
		};
/* End PBXFrameworksBuildPhase section */

/* Begin PBXGroup section */
		3F76E0DD211DD6C200F4E369 /* StampView */ = {
			isa = PBXGroup;
			children = (
				3F76E0DB211DD6AA00F4E369 /* StampView.xib */,
				3FEDA81D211C6D46008F3C1E /* StampView.swift */,
			);
			path = StampView;
			sourceTree = "<group>";
		};
		3F76E0E0211E1B0C00F4E369 /* Controller */ = {
			isa = PBXGroup;
			children = (
				3F76E0DE211E187F00F4E369 /* PassportViewController.swift */,
				3FEDA808211B286F008F3C1E /* ViewController.swift */,
			);
			path = Controller;
			sourceTree = "<group>";
		};
		3FEDA7F8211B286F008F3C1E = {
			isa = PBXGroup;
			children = (
				3FEDA803211B286F008F3C1E /* Stamp */,
				3FEDA802211B286F008F3C1E /* Products */,
			);
			sourceTree = "<group>";
		};
		3FEDA802211B286F008F3C1E /* Products */ = {
			isa = PBXGroup;
			children = (
				3FEDA801211B286F008F3C1E /* Stamp.app */,
			);
			name = Products;
			sourceTree = "<group>";
		};
		3FEDA803211B286F008F3C1E /* Stamp */ = {
			isa = PBXGroup;
			children = (
				3F76E0E0211E1B0C00F4E369 /* Controller */,
				3FEDA81A211B308F008F3C1E /* View */,
				3FEDA806211B286F008F3C1E /* art.scnassets */,
				3FEDA80D211B2871008F3C1E /* Assets.xcassets */,
				3FEDA804211B286F008F3C1E /* AppDelegate.swift */,
				3FEDA812211B2871008F3C1E /* Info.plist */,
			);
			path = Stamp;
			sourceTree = "<group>";
		};
		3FEDA81A211B308F008F3C1E /* View */ = {
			isa = PBXGroup;
			children = (
				3F76E0DD211DD6C200F4E369 /* StampView */,
				3FEDA80A211B286F008F3C1E /* Main.storyboard */,
				3FEDA818211B3086008F3C1E /* Passport.storyboard */,
				3FEDA80F211B2871008F3C1E /* LaunchScreen.storyboard */,
			);
			path = View;
			sourceTree = "<group>";
		};
/* End PBXGroup section */

/* Begin PBXNativeTarget section */
		3FEDA800211B286F008F3C1E /* Stamp */ = {
			isa = PBXNativeTarget;
			buildConfigurationList = 3FEDA815211B2871008F3C1E /* Build configuration list for PBXNativeTarget "Stamp" */;
			buildPhases = (
				3FEDA7FD211B286F008F3C1E /* Sources */,
				3FEDA7FE211B286F008F3C1E /* Frameworks */,
				3FEDA7FF211B286F008F3C1E /* Resources */,
			);
			buildRules = (
			);
			dependencies = (
			);
			name = Stamp;
			productName = Stamp;
			productReference = 3FEDA801211B286F008F3C1E /* Stamp.app */;
			productType = "com.apple.product-type.application";
		};
/* End PBXNativeTarget section */

/* Begin PBXProject section */
		3FEDA7F9211B286F008F3C1E /* Project object */ = {
			isa = PBXProject;
			attributes = {
				LastSwiftUpdateCheck = 1000;
				LastUpgradeCheck = 1000;
				ORGANIZATIONNAME = "Rafael Sol Santos Martins";
				TargetAttributes = {
					3FEDA800211B286F008F3C1E = {
						CreatedOnToolsVersion = 10.0;
					};
				};
			};
			buildConfigurationList = 3FEDA7FC211B286F008F3C1E /* Build configuration list for PBXProject "Stamp" */;
			compatibilityVersion = "Xcode 9.3";
			developmentRegion = en;
			hasScannedForEncodings = 0;
			knownRegions = (
				en,
				Base,
			);
			mainGroup = 3FEDA7F8211B286F008F3C1E;
			productRefGroup = 3FEDA802211B286F008F3C1E /* Products */;
			projectDirPath = "";
			projectRoot = "";
			targets = (
				3FEDA800211B286F008F3C1E /* Stamp */,
			);
		};
/* End PBXProject section */

/* Begin PBXResourcesBuildPhase section */
		3FEDA7FF211B286F008F3C1E /* Resources */ = {
			isa = PBXResourcesBuildPhase;
			buildActionMask = 2147483647;
			files = (
				3F76E0DC211DD6AA00F4E369 /* StampView.xib in Resources */,
				3FEDA807211B286F008F3C1E /* art.scnassets in Resources */,
				3FEDA811211B2871008F3C1E /* LaunchScreen.storyboard in Resources */,
				3FEDA819211B3086008F3C1E /* Passport.storyboard in Resources */,
				3FEDA80E211B2871008F3C1E /* Assets.xcassets in Resources */,
				3FEDA80C211B286F008F3C1E /* Main.storyboard in Resources */,
			);
			runOnlyForDeploymentPostprocessing = 0;
		};
/* End PBXResourcesBuildPhase section */

/* Begin PBXSourcesBuildPhase section */
		3FEDA7FD211B286F008F3C1E /* Sources */ = {
			isa = PBXSourcesBuildPhase;
			buildActionMask = 2147483647;
			files = (
				3FEDA809211B286F008F3C1E /* ViewController.swift in Sources */,
				3FEDA81E211C6D46008F3C1E /* StampView.swift in Sources */,
				3F76E0DF211E187F00F4E369 /* PassportViewController.swift in Sources */,
				3FEDA805211B286F008F3C1E /* AppDelegate.swift in Sources */,
			);
			runOnlyForDeploymentPostprocessing = 0;
		};
/* End PBXSourcesBuildPhase section */

/* Begin PBXVariantGroup section */
		3FEDA80A211B286F008F3C1E /* Main.storyboard */ = {
			isa = PBXVariantGroup;
			children = (
				3FEDA80B211B286F008F3C1E /* Base */,
			);
			name = Main.storyboard;
			sourceTree = "<group>";
		};
		3FEDA80F211B2871008F3C1E /* LaunchScreen.storyboard */ = {
			isa = PBXVariantGroup;
			children = (
				3FEDA810211B2871008F3C1E /* Base */,
			);
			name = LaunchScreen.storyboard;
			sourceTree = "<group>";
		};
/* End PBXVariantGroup section */

/* Begin XCBuildConfiguration section */
		3FEDA813211B2871008F3C1E /* Debug */ = {
			isa = XCBuildConfiguration;
			buildSettings = {
				ALWAYS_SEARCH_USER_PATHS = NO;
				CLANG_ANALYZER_NONNULL = YES;
				CLANG_ANALYZER_NUMBER_OBJECT_CONVERSION = YES_AGGRESSIVE;
				CLANG_CXX_LANGUAGE_STANDARD = "gnu++14";
				CLANG_CXX_LIBRARY = "libc++";
				CLANG_ENABLE_MODULES = YES;
				CLANG_ENABLE_OBJC_ARC = YES;
				CLANG_ENABLE_OBJC_WEAK = YES;
				CLANG_WARN_BLOCK_CAPTURE_AUTORELEASING = YES;
				CLANG_WARN_BOOL_CONVERSION = YES;
				CLANG_WARN_COMMA = YES;
				CLANG_WARN_CONSTANT_CONVERSION = YES;
				CLANG_WARN_DEPRECATED_OBJC_IMPLEMENTATIONS = YES;
				CLANG_WARN_DIRECT_OBJC_ISA_USAGE = YES_ERROR;
				CLANG_WARN_DOCUMENTATION_COMMENTS = YES;
				CLANG_WARN_EMPTY_BODY = YES;
				CLANG_WARN_ENUM_CONVERSION = YES;
				CLANG_WARN_INFINITE_RECURSION = YES;
				CLANG_WARN_INT_CONVERSION = YES;
				CLANG_WARN_NON_LITERAL_NULL_CONVERSION = YES;
				CLANG_WARN_OBJC_IMPLICIT_RETAIN_SELF = YES;
				CLANG_WARN_OBJC_LITERAL_CONVERSION = YES;
				CLANG_WARN_OBJC_ROOT_CLASS = YES_ERROR;
				CLANG_WARN_RANGE_LOOP_ANALYSIS = YES;
				CLANG_WARN_STRICT_PROTOTYPES = YES;
				CLANG_WARN_SUSPICIOUS_MOVE = YES;
				CLANG_WARN_UNGUARDED_AVAILABILITY = YES_AGGRESSIVE;
				CLANG_WARN_UNREACHABLE_CODE = YES;
				CLANG_WARN__DUPLICATE_METHOD_MATCH = YES;
				CODE_SIGN_IDENTITY = "iPhone Developer";
				COPY_PHASE_STRIP = NO;
				DEBUG_INFORMATION_FORMAT = dwarf;
				ENABLE_STRICT_OBJC_MSGSEND = YES;
				ENABLE_TESTABILITY = YES;
				GCC_C_LANGUAGE_STANDARD = gnu11;
				GCC_DYNAMIC_NO_PIC = NO;
				GCC_NO_COMMON_BLOCKS = YES;
				GCC_OPTIMIZATION_LEVEL = 0;
				GCC_PREPROCESSOR_DEFINITIONS = (
					"DEBUG=1",
					"$(inherited)",
				);
				GCC_WARN_64_TO_32_BIT_CONVERSION = YES;
				GCC_WARN_ABOUT_RETURN_TYPE = YES_ERROR;
				GCC_WARN_UNDECLARED_SELECTOR = YES;
				GCC_WARN_UNINITIALIZED_AUTOS = YES_AGGRESSIVE;
				GCC_WARN_UNUSED_FUNCTION = YES;
				GCC_WARN_UNUSED_VARIABLE = YES;
				IPHONEOS_DEPLOYMENT_TARGET = 12.0;
				MTL_ENABLE_DEBUG_INFO = INCLUDE_SOURCE;
				ONLY_ACTIVE_ARCH = YES;
				SDKROOT = iphoneos;
				SWIFT_ACTIVE_COMPILATION_CONDITIONS = DEBUG;
				SWIFT_OPTIMIZATION_LEVEL = "-Onone";
			};
			name = Debug;
		};
		3FEDA814211B2871008F3C1E /* Release */ = {
			isa = XCBuildConfiguration;
			buildSettings = {
				ALWAYS_SEARCH_USER_PATHS = NO;
				CLANG_ANALYZER_NONNULL = YES;
				CLANG_ANALYZER_NUMBER_OBJECT_CONVERSION = YES_AGGRESSIVE;
				CLANG_CXX_LANGUAGE_STANDARD = "gnu++14";
				CLANG_CXX_LIBRARY = "libc++";
				CLANG_ENABLE_MODULES = YES;
				CLANG_ENABLE_OBJC_ARC = YES;
				CLANG_ENABLE_OBJC_WEAK = YES;
				CLANG_WARN_BLOCK_CAPTURE_AUTORELEASING = YES;
				CLANG_WARN_BOOL_CONVERSION = YES;
				CLANG_WARN_COMMA = YES;
				CLANG_WARN_CONSTANT_CONVERSION = YES;
				CLANG_WARN_DEPRECATED_OBJC_IMPLEMENTATIONS = YES;
				CLANG_WARN_DIRECT_OBJC_ISA_USAGE = YES_ERROR;
				CLANG_WARN_DOCUMENTATION_COMMENTS = YES;
				CLANG_WARN_EMPTY_BODY = YES;
				CLANG_WARN_ENUM_CONVERSION = YES;
				CLANG_WARN_INFINITE_RECURSION = YES;
				CLANG_WARN_INT_CONVERSION = YES;
				CLANG_WARN_NON_LITERAL_NULL_CONVERSION = YES;
				CLANG_WARN_OBJC_IMPLICIT_RETAIN_SELF = YES;
				CLANG_WARN_OBJC_LITERAL_CONVERSION = YES;
				CLANG_WARN_OBJC_ROOT_CLASS = YES_ERROR;
				CLANG_WARN_RANGE_LOOP_ANALYSIS = YES;
				CLANG_WARN_STRICT_PROTOTYPES = YES;
				CLANG_WARN_SUSPICIOUS_MOVE = YES;
				CLANG_WARN_UNGUARDED_AVAILABILITY = YES_AGGRESSIVE;
				CLANG_WARN_UNREACHABLE_CODE = YES;
				CLANG_WARN__DUPLICATE_METHOD_MATCH = YES;
				CODE_SIGN_IDENTITY = "iPhone Developer";
				COPY_PHASE_STRIP = NO;
				DEBUG_INFORMATION_FORMAT = "dwarf-with-dsym";
				ENABLE_NS_ASSERTIONS = NO;
				ENABLE_STRICT_OBJC_MSGSEND = YES;
				GCC_C_LANGUAGE_STANDARD = gnu11;
				GCC_NO_COMMON_BLOCKS = YES;
				GCC_WARN_64_TO_32_BIT_CONVERSION = YES;
				GCC_WARN_ABOUT_RETURN_TYPE = YES_ERROR;
				GCC_WARN_UNDECLARED_SELECTOR = YES;
				GCC_WARN_UNINITIALIZED_AUTOS = YES_AGGRESSIVE;
				GCC_WARN_UNUSED_FUNCTION = YES;
				GCC_WARN_UNUSED_VARIABLE = YES;
				IPHONEOS_DEPLOYMENT_TARGET = 12.0;
				MTL_ENABLE_DEBUG_INFO = NO;
				SDKROOT = iphoneos;
				SWIFT_COMPILATION_MODE = wholemodule;
				SWIFT_OPTIMIZATION_LEVEL = "-O";
				VALIDATE_PRODUCT = YES;
			};
			name = Release;
		};
		3FEDA816211B2871008F3C1E /* Debug */ = {
			isa = XCBuildConfiguration;
			buildSettings = {
				ASSETCATALOG_COMPILER_APPICON_NAME = AppIcon;
				CODE_SIGN_STYLE = Automatic;
				DEVELOPMENT_TEAM = "";
				INFOPLIST_FILE = Stamp/Info.plist;
				LD_RUNPATH_SEARCH_PATHS = (
					"$(inherited)",
					"@executable_path/Frameworks",
				);
				PRODUCT_BUNDLE_IDENTIFIER = bahr.company.Stamp;
				PRODUCT_NAME = "$(TARGET_NAME)";
				SWIFT_VERSION = 4.2;
				TARGETED_DEVICE_FAMILY = "1,2";
			};
			name = Debug;
		};
		3FEDA817211B2871008F3C1E /* Release */ = {
			isa = XCBuildConfiguration;
			buildSettings = {
				ASSETCATALOG_COMPILER_APPICON_NAME = AppIcon;
				CODE_SIGN_STYLE = Automatic;
				DEVELOPMENT_TEAM = "";
				INFOPLIST_FILE = Stamp/Info.plist;
				LD_RUNPATH_SEARCH_PATHS = (
					"$(inherited)",
					"@executable_path/Frameworks",
				);
				PRODUCT_BUNDLE_IDENTIFIER = bahr.company.Stamp;
				PRODUCT_NAME = "$(TARGET_NAME)";
				SWIFT_VERSION = 4.2;
				TARGETED_DEVICE_FAMILY = "1,2";
			};
			name = Release;
		};
/* End XCBuildConfiguration section */

/* Begin XCConfigurationList section */
		3FEDA7FC211B286F008F3C1E /* Build configuration list for PBXProject "Stamp" */ = {
			isa = XCConfigurationList;
			buildConfigurations = (
				3FEDA813211B2871008F3C1E /* Debug */,
				3FEDA814211B2871008F3C1E /* Release */,
			);
			defaultConfigurationIsVisible = 0;
			defaultConfigurationName = Release;
		};
		3FEDA815211B2871008F3C1E /* Build configuration list for PBXNativeTarget "Stamp" */ = {
			isa = XCConfigurationList;
			buildConfigurations = (
				3FEDA816211B2871008F3C1E /* Debug */,
				3FEDA817211B2871008F3C1E /* Release */,
			);
			defaultConfigurationIsVisible = 0;
			defaultConfigurationName = Release;
		};
/* End XCConfigurationList section */
	};
	rootObject = 3FEDA7F9211B286F008F3C1E /* Project object */;
}
